
Microsoft Visual Studio Solution File, Format Version 12.00
# Visual Studio 2013
VisualStudioVersion = 12.0.21005.1
MinimumVisualStudioVersion = 10.0.40219.1
Project("{FAE04EC0-301F-11D3-BF4B-00C04F79EFBC}") = "Publisher", "Publisher\Publisher.csproj", "{EDBCF6D7-C25D-4031-BF0D-9CFF45F1EF0C}"
EndProject
Project("{FAE04EC0-301F-11D3-BF4B-00C04F79EFBC}") = "Client", "Client\Client.csproj", "{74911E9D-B6B7-4814-B22F-964BEB47441A}"
EndProject
Global
	GlobalSection(SolutionConfigurationPlatforms) = preSolution
		Debug|Any CPU = Debug|Any CPU
		Release|Any CPU = Release|Any CPU
	EndGlobalSection
	GlobalSection(ProjectConfigurationPlatforms) = postSolution
		{EDBCF6D7-C25D-4031-BF0D-9CFF45F1EF0C}.Debug|Any CPU.ActiveCfg = Debug|Any CPU
		{EDBCF6D7-C25D-4031-BF0D-9CFF45F1EF0C}.Debug|Any CPU.Build.0 = Debug|Any CPU
		{EDBCF6D7-C25D-4031-BF0D-9CFF45F1EF0C}.Release|Any CPU.ActiveCfg = Release|Any CPU
		{EDBCF6D7-C25D-4031-BF0D-9CFF45F1EF0C}.Release|Any CPU.Build.0 = Release|Any CPU
		{74911E9D-B6B7-4814-B22F-964BEB47441A}.Debug|Any CPU.ActiveCfg = Debug|Any CPU
		{74911E9D-B6B7-4814-B22F-964BEB47441A}.Debug|Any CPU.Build.0 = Debug|Any CPU
		{74911E9D-B6B7-4814-B22F-964BEB47441A}.Release|Any CPU.ActiveCfg = Release|Any CPU
		{74911E9D-B6B7-4814-B22F-964BEB47441A}.Release|Any CPU.Build.0 = Release|Any CPU
	EndGlobalSection
	GlobalSection(SolutionProperties) = preSolution
		HideSolutionNode = FALSE
	EndGlobalSection
EndGlobal
